
Microsoft Visual Studio Solution File, Format Version 12.00
# Visual Studio Version 16
VisualStudioVersion = 16.0.31727.386
MinimumVisualStudioVersion = 10.0.40219.1
Project("{FAE04EC0-301F-11D3-BF4B-00C04F79EFBC}") = "OBConnector", "..\OBConnector\OBConnector.csproj", "{EEC3A15F-2E26-402E-B130-0270C89B5E5D}"
EndProject
Project("{FAE04EC0-301F-11D3-BF4B-00C04F79EFBC}") = "OnBase Export Management", "..\OnBase Export Management\OnBase Export Management.csproj", "{775D6397-1982-46E6-B384-90FD747866D5}"
EndProject
Global
	GlobalSection(SolutionConfigurationPlatforms) = preSolution
		Debug|Any CPU = Debug|Any CPU
		Release|Any CPU = Release|Any CPU
	EndGlobalSection
	GlobalSection(ProjectConfigurationPlatforms) = postSolution
		{EEC3A15F-2E26-402E-B130-0270C89B5E5D}.Debug|Any CPU.ActiveCfg = Debug|Any CPU
		{EEC3A15F-2E26-402E-B130-0270C89B5E5D}.Debug|Any CPU.Build.0 = Debug|Any CPU
		{EEC3A15F-2E26-402E-B130-0270C89B5E5D}.Release|Any CPU.ActiveCfg = Release|Any CPU
		{EEC3A15F-2E26-402E-B130-0270C89B5E5D}.Release|Any CPU.Build.0 = Release|Any CPU
		{775D6397-1982-46E6-B384-90FD747866D5}.Debug|Any CPU.ActiveCfg = Debug|Any CPU
		{775D6397-1982-46E6-B384-90FD747866D5}.Debug|Any CPU.Build.0 = Debug|Any CPU
		{775D6397-1982-46E6-B384-90FD747866D5}.Release|Any CPU.ActiveCfg = Release|Any CPU
		{775D6397-1982-46E6-B384-90FD747866D5}.Release|Any CPU.Build.0 = Release|Any CPU
	EndGlobalSection
	GlobalSection(SolutionProperties) = preSolution
		HideSolutionNode = FALSE
	EndGlobalSection
	GlobalSection(ExtensibilityGlobals) = postSolution
		SolutionGuid = {246E4EBB-3A9D-46E5-9DC0-4156102F289C}
	EndGlobalSection
EndGlobal
